
Microsoft Visual Studio Solution File, Format Version 12.00
# Visual Studio 2012
Project("{FAE04EC0-301F-11D3-BF4B-00C04F79EFBC}") = "UDPMesh", "UDPMesh\UDPMesh.csproj", "{55D2DB80-55D4-4B73-823A-D005F58351F8}"
EndProject
Project("{FAE04EC0-301F-11D3-BF4B-00C04F79EFBC}") = "UDPMeshLib", "UDPMeshLib\UDPMeshLib.csproj", "{D55400C8-5309-4F98-BC7F-F789690F23B3}"
EndProject
Project("{2150E333-8FDC-42A3-9474-1A3956D46DE8}") = "Solution Items", "Solution Items", "{C38DDF82-B481-45A3-B844-222555F763E1}"
	ProjectSection(SolutionItems) = preProject
		ProtocolDocumentation.txt = ProtocolDocumentation.txt
	EndProjectSection
EndProject
Global
	GlobalSection(SolutionConfigurationPlatforms) = preSolution
		Debug|Any CPU = Debug|Any CPU
		Release|Any CPU = Release|Any CPU
	EndGlobalSection
	GlobalSection(ProjectConfigurationPlatforms) = postSolution
		{55D2DB80-55D4-4B73-823A-D005F58351F8}.Debug|Any CPU.ActiveCfg = Debug|Any CPU
		{55D2DB80-55D4-4B73-823A-D005F58351F8}.Debug|Any CPU.Build.0 = Debug|Any CPU
		{55D2DB80-55D4-4B73-823A-D005F58351F8}.Release|Any CPU.ActiveCfg = Release|Any CPU
		{55D2DB80-55D4-4B73-823A-D005F58351F8}.Release|Any CPU.Build.0 = Release|Any CPU
		{D55400C8-5309-4F98-BC7F-F789690F23B3}.Debug|Any CPU.ActiveCfg = Debug|Any CPU
		{D55400C8-5309-4F98-BC7F-F789690F23B3}.Debug|Any CPU.Build.0 = Debug|Any CPU
		{D55400C8-5309-4F98-BC7F-F789690F23B3}.Release|Any CPU.ActiveCfg = Release|Any CPU
		{D55400C8-5309-4F98-BC7F-F789690F23B3}.Release|Any CPU.Build.0 = Release|Any CPU
	EndGlobalSection
	GlobalSection(NestedProjects) = preSolution
	EndGlobalSection
	GlobalSection(MonoDevelopProperties) = preSolution
		StartupItem = UDPMesh\UDPMesh.csproj
		Policies = $0
		$0.TextStylePolicy = $1
		$1.scope = text/x-csharp
		$1.FileWidth = 80
		$1.TabsToSpaces = True
		$0.CSharpFormattingPolicy = $2
		$2.IndentSwitchBody = True
		$2.AnonymousMethodBraceStyle = NextLine
		$2.PropertyBraceStyle = NextLine
		$2.PropertyGetBraceStyle = NextLine
		$2.PropertySetBraceStyle = NextLine
		$2.EventBraceStyle = NextLine
		$2.EventAddBraceStyle = NextLine
		$2.EventRemoveBraceStyle = NextLine
		$2.StatementBraceStyle = NextLine
		$2.ElseNewLinePlacement = NewLine
		$2.CatchNewLinePlacement = NewLine
		$2.FinallyNewLinePlacement = NewLine
		$2.WhileNewLinePlacement = DoNotCare
		$2.ArrayInitializerWrapping = DoNotChange
		$2.ArrayInitializerBraceStyle = NextLine
		$2.BeforeMethodDeclarationParentheses = False
		$2.BeforeMethodCallParentheses = False
		$2.BeforeConstructorDeclarationParentheses = False
		$2.BeforeDelegateDeclarationParentheses = False
		$2.NewParentheses = False
		$2.SpacesBeforeBrackets = False
		$2.scope = text/x-csharp
		$0.TextStylePolicy = $3
		$3.scope = text/plain
		$3.FileWidth = 80
		$3.TabsToSpaces = True
		$0.DotNetNamingPolicy = $4
		$4.DirectoryNamespaceAssociation = PrefixedHierarchical
	EndGlobalSection
EndGlobal
